
Microsoft Visual Studio Solution File, Format Version 12.00
# Visual Studio Version 16
VisualStudioVersion = 16.0.30717.126
MinimumVisualStudioVersion = 15.0.26124.0
Project("{9A19103F-16F7-4668-BE54-9A1E7A4F7556}") = "AdventOfCode2020", "AdventOfCode\AdventOfCode2020.csproj", "{6B01383F-FF08-4839-BF44-2DE9071CCC37}"
	ProjectSection(ProjectDependencies) = postProject
		{1DFDB7D6-770C-476D-A99A-EE17F7134FB0} = {1DFDB7D6-770C-476D-A99A-EE17F7134FB0}
	EndProjectSection
EndProject
Project("{9A19103F-16F7-4668-BE54-9A1E7A4F7556}") = "aoc2015", "aoc2015\aoc2015.csproj", "{2090F540-72FB-461B-9700-5208B201C808}"
	ProjectSection(ProjectDependencies) = postProject
		{1DFDB7D6-770C-476D-A99A-EE17F7134FB0} = {1DFDB7D6-770C-476D-A99A-EE17F7134FB0}
	EndProjectSection
EndProject
Project("{9A19103F-16F7-4668-BE54-9A1E7A4F7556}") = "AocUtil", "AocUtil\AocUtil.csproj", "{1DFDB7D6-770C-476D-A99A-EE17F7134FB0}"
EndProject
Project("{9A19103F-16F7-4668-BE54-9A1E7A4F7556}") = "aoc2016", "aoc2016\aoc2016.csproj", "{5070D254-7F46-4A9E-B6F4-DA61B4B44509}"
EndProject
Project("{9A19103F-16F7-4668-BE54-9A1E7A4F7556}") = "aoc2021", "aoc2021\aoc2021.csproj", "{002DAC7B-C279-44B1-840B-3504ECB57476}"
EndProject
Project("{FAE04EC0-301F-11D3-BF4B-00C04F79EFBC}") = "aoc2022", "aoc2022\aoc2022.csproj", "{D802BA13-B8C7-4308-9BF5-02F1CB0BA8AF}"
EndProject
Global
	GlobalSection(SolutionConfigurationPlatforms) = preSolution
		Debug|Any CPU = Debug|Any CPU
		Debug|x64 = Debug|x64
		Debug|x86 = Debug|x86
		Release|Any CPU = Release|Any CPU
		Release|x64 = Release|x64
		Release|x86 = Release|x86
	EndGlobalSection
	GlobalSection(ProjectConfigurationPlatforms) = postSolution
		{6B01383F-FF08-4839-BF44-2DE9071CCC37}.Debug|Any CPU.ActiveCfg = Debug|Any CPU
		{6B01383F-FF08-4839-BF44-2DE9071CCC37}.Debug|Any CPU.Build.0 = Debug|Any CPU
		{6B01383F-FF08-4839-BF44-2DE9071CCC37}.Debug|x64.ActiveCfg = Debug|Any CPU
		{6B01383F-FF08-4839-BF44-2DE9071CCC37}.Debug|x64.Build.0 = Debug|Any CPU
		{6B01383F-FF08-4839-BF44-2DE9071CCC37}.Debug|x86.ActiveCfg = Debug|Any CPU
		{6B01383F-FF08-4839-BF44-2DE9071CCC37}.Debug|x86.Build.0 = Debug|Any CPU
		{6B01383F-FF08-4839-BF44-2DE9071CCC37}.Release|Any CPU.ActiveCfg = Release|Any CPU
		{6B01383F-FF08-4839-BF44-2DE9071CCC37}.Release|Any CPU.Build.0 = Release|Any CPU
		{6B01383F-FF08-4839-BF44-2DE9071CCC37}.Release|x64.ActiveCfg = Release|Any CPU
		{6B01383F-FF08-4839-BF44-2DE9071CCC37}.Release|x64.Build.0 = Release|Any CPU
		{6B01383F-FF08-4839-BF44-2DE9071CCC37}.Release|x86.ActiveCfg = Release|Any CPU
		{6B01383F-FF08-4839-BF44-2DE9071CCC37}.Release|x86.Build.0 = Release|Any CPU
		{2090F540-72FB-461B-9700-5208B201C808}.Debug|Any CPU.ActiveCfg = Debug|Any CPU
		{2090F540-72FB-461B-9700-5208B201C808}.Debug|Any CPU.Build.0 = Debug|Any CPU
		{2090F540-72FB-461B-9700-5208B201C808}.Debug|x64.ActiveCfg = Debug|Any CPU
		{2090F540-72FB-461B-9700-5208B201C808}.Debug|x64.Build.0 = Debug|Any CPU
		{2090F540-72FB-461B-9700-5208B201C808}.Debug|x86.ActiveCfg = Debug|Any CPU
		{2090F540-72FB-461B-9700-5208B201C808}.Debug|x86.Build.0 = Debug|Any CPU
		{2090F540-72FB-461B-9700-5208B201C808}.Release|Any CPU.ActiveCfg = Release|Any CPU
		{2090F540-72FB-461B-9700-5208B201C808}.Release|Any CPU.Build.0 = Release|Any CPU
		{2090F540-72FB-461B-9700-5208B201C808}.Release|x64.ActiveCfg = Release|Any CPU
		{2090F540-72FB-461B-9700-5208B201C808}.Release|x64.Build.0 = Release|Any CPU
		{2090F540-72FB-461B-9700-5208B201C808}.Release|x86.ActiveCfg = Release|Any CPU
		{2090F540-72FB-461B-9700-5208B201C808}.Release|x86.Build.0 = Release|Any CPU
		{1DFDB7D6-770C-476D-A99A-EE17F7134FB0}.Debug|Any CPU.ActiveCfg = Debug|Any CPU
		{1DFDB7D6-770C-476D-A99A-EE17F7134FB0}.Debug|Any CPU.Build.0 = Debug|Any CPU
		{1DFDB7D6-770C-476D-A99A-EE17F7134FB0}.Debug|x64.ActiveCfg = Debug|Any CPU
		{1DFDB7D6-770C-476D-A99A-EE17F7134FB0}.Debug|x64.Build.0 = Debug|Any CPU
		{1DFDB7D6-770C-476D-A99A-EE17F7134FB0}.Debug|x86.ActiveCfg = Debug|Any CPU
		{1DFDB7D6-770C-476D-A99A-EE17F7134FB0}.Debug|x86.Build.0 = Debug|Any CPU
		{1DFDB7D6-770C-476D-A99A-EE17F7134FB0}.Release|Any CPU.ActiveCfg = Release|Any CPU
		{1DFDB7D6-770C-476D-A99A-EE17F7134FB0}.Release|Any CPU.Build.0 = Release|Any CPU
		{1DFDB7D6-770C-476D-A99A-EE17F7134FB0}.Release|x64.ActiveCfg = Release|Any CPU
		{1DFDB7D6-770C-476D-A99A-EE17F7134FB0}.Release|x64.Build.0 = Release|Any CPU
		{1DFDB7D6-770C-476D-A99A-EE17F7134FB0}.Release|x86.ActiveCfg = Release|Any CPU
		{1DFDB7D6-770C-476D-A99A-EE17F7134FB0}.Release|x86.Build.0 = Release|Any CPU
		{5070D254-7F46-4A9E-B6F4-DA61B4B44509}.Debug|Any CPU.ActiveCfg = Debug|Any CPU
		{5070D254-7F46-4A9E-B6F4-DA61B4B44509}.Debug|Any CPU.Build.0 = Debug|Any CPU
		{5070D254-7F46-4A9E-B6F4-DA61B4B44509}.Debug|x64.ActiveCfg = Debug|Any CPU
		{5070D254-7F46-4A9E-B6F4-DA61B4B44509}.Debug|x64.Build.0 = Debug|Any CPU
		{5070D254-7F46-4A9E-B6F4-DA61B4B44509}.Debug|x86.ActiveCfg = Debug|Any CPU
		{5070D254-7F46-4A9E-B6F4-DA61B4B44509}.Debug|x86.Build.0 = Debug|Any CPU
		{5070D254-7F46-4A9E-B6F4-DA61B4B44509}.Release|Any CPU.ActiveCfg = Release|Any CPU
		{5070D254-7F46-4A9E-B6F4-DA61B4B44509}.Release|Any CPU.Build.0 = Release|Any CPU
		{5070D254-7F46-4A9E-B6F4-DA61B4B44509}.Release|x64.ActiveCfg = Release|Any CPU
		{5070D254-7F46-4A9E-B6F4-DA61B4B44509}.Release|x64.Build.0 = Release|Any CPU
		{5070D254-7F46-4A9E-B6F4-DA61B4B44509}.Release|x86.ActiveCfg = Release|Any CPU
		{5070D254-7F46-4A9E-B6F4-DA61B4B44509}.Release|x86.Build.0 = Release|Any CPU
		{002DAC7B-C279-44B1-840B-3504ECB57476}.Debug|Any CPU.ActiveCfg = Debug|Any CPU
		{002DAC7B-C279-44B1-840B-3504ECB57476}.Debug|Any CPU.Build.0 = Debug|Any CPU
		{002DAC7B-C279-44B1-840B-3504ECB57476}.Debug|x64.ActiveCfg = Debug|Any CPU
		{002DAC7B-C279-44B1-840B-3504ECB57476}.Debug|x64.Build.0 = Debug|Any CPU
		{002DAC7B-C279-44B1-840B-3504ECB57476}.Debug|x86.ActiveCfg = Debug|Any CPU
		{002DAC7B-C279-44B1-840B-3504ECB57476}.Debug|x86.Build.0 = Debug|Any CPU
		{002DAC7B-C279-44B1-840B-3504ECB57476}.Release|Any CPU.ActiveCfg = Release|Any CPU
		{002DAC7B-C279-44B1-840B-3504ECB57476}.Release|Any CPU.Build.0 = Release|Any CPU
		{002DAC7B-C279-44B1-840B-3504ECB57476}.Release|x64.ActiveCfg = Release|Any CPU
		{002DAC7B-C279-44B1-840B-3504ECB57476}.Release|x64.Build.0 = Release|Any CPU
		{002DAC7B-C279-44B1-840B-3504ECB57476}.Release|x86.ActiveCfg = Release|Any CPU
		{002DAC7B-C279-44B1-840B-3504ECB57476}.Release|x86.Build.0 = Release|Any CPU
		{D802BA13-B8C7-4308-9BF5-02F1CB0BA8AF}.Debug|Any CPU.ActiveCfg = Debug|Any CPU
		{D802BA13-B8C7-4308-9BF5-02F1CB0BA8AF}.Debug|Any CPU.Build.0 = Debug|Any CPU
		{D802BA13-B8C7-4308-9BF5-02F1CB0BA8AF}.Debug|x64.ActiveCfg = Debug|Any CPU
		{D802BA13-B8C7-4308-9BF5-02F1CB0BA8AF}.Debug|x64.Build.0 = Debug|Any CPU
		{D802BA13-B8C7-4308-9BF5-02F1CB0BA8AF}.Debug|x86.ActiveCfg = Debug|Any CPU
		{D802BA13-B8C7-4308-9BF5-02F1CB0BA8AF}.Debug|x86.Build.0 = Debug|Any CPU
		{D802BA13-B8C7-4308-9BF5-02F1CB0BA8AF}.Release|Any CPU.ActiveCfg = Release|Any CPU
		{D802BA13-B8C7-4308-9BF5-02F1CB0BA8AF}.Release|Any CPU.Build.0 = Release|Any CPU
		{D802BA13-B8C7-4308-9BF5-02F1CB0BA8AF}.Release|x64.ActiveCfg = Release|Any CPU
		{D802BA13-B8C7-4308-9BF5-02F1CB0BA8AF}.Release|x64.Build.0 = Release|Any CPU
		{D802BA13-B8C7-4308-9BF5-02F1CB0BA8AF}.Release|x86.ActiveCfg = Release|Any CPU
		{D802BA13-B8C7-4308-9BF5-02F1CB0BA8AF}.Release|x86.Build.0 = Release|Any CPU
	EndGlobalSection
	GlobalSection(SolutionProperties) = preSolution
		HideSolutionNode = FALSE
	EndGlobalSection
	GlobalSection(ExtensibilityGlobals) = postSolution
		SolutionGuid = {E4E4F2A1-252D-42E3-A553-A94C3C6AD68D}
	EndGlobalSection
EndGlobal
